
Microsoft Visual Studio Solution File, Format Version 12.00
# Visual Studio Version 16
VisualStudioVersion = 16.0.29911.84
MinimumVisualStudioVersion = 10.0.40219.1
Project("{FAE04EC0-301F-11D3-BF4B-00C04F79EFBC}") = "BookListMVC", "BookListMVC\BookListMVC.csproj", "{3B58619E-94CB-40DA-ACF6-E6D7C6BC9732}"
EndProject
Global
	GlobalSection(SolutionConfigurationPlatforms) = preSolution
		Debug|Any CPU = Debug|Any CPU
		Release|Any CPU = Release|Any CPU
	EndGlobalSection
	GlobalSection(ProjectConfigurationPlatforms) = postSolution
		{3B58619E-94CB-40DA-ACF6-E6D7C6BC9732}.Debug|Any CPU.ActiveCfg = Debug|Any CPU
		{3B58619E-94CB-40DA-ACF6-E6D7C6BC9732}.Debug|Any CPU.Build.0 = Debug|Any CPU
		{3B58619E-94CB-40DA-ACF6-E6D7C6BC9732}.Release|Any CPU.ActiveCfg = Release|Any CPU
		{3B58619E-94CB-40DA-ACF6-E6D7C6BC9732}.Release|Any CPU.Build.0 = Release|Any CPU
	EndGlobalSection
	GlobalSection(SolutionProperties) = preSolution
		HideSolutionNode = FALSE
	EndGlobalSection
	GlobalSection(ExtensibilityGlobals) = postSolution
		SolutionGuid = {8E5B3143-9541-4968-9FC9-9D6D27802ADB}
	EndGlobalSection
EndGlobal
